
Microsoft Visual Studio Solution File, Format Version 12.00
# Visual Studio Version 17
VisualStudioVersion = 17.2.32616.157
MinimumVisualStudioVersion = 10.0.40219.1
Project("{9A19103F-16F7-4668-BE54-9A1E7A4F7556}") = "cadastro-produto-teste.View", "cadastro-produto-teste\cadastro-produto-teste.View.csproj", "{12E183CB-B6D7-438B-8F06-7EA425B25C48}"
EndProject
Project("{9A19103F-16F7-4668-BE54-9A1E7A4F7556}") = "cadastro-produto-teste.Controller", "cadastro-produto-teste.Controller\cadastro-produto-teste.Controller.csproj", "{12C9C3B5-59A3-483C-A776-4E82A25D880E}"
EndProject
Project("{9A19103F-16F7-4668-BE54-9A1E7A4F7556}") = "cadastro-produto-teste.Models", "cadastro-produto-teste.Models\cadastro-produto-teste.Models.csproj", "{893690AC-75B1-4C31-AD93-AC9F83659453}"
EndProject
Global
	GlobalSection(SolutionConfigurationPlatforms) = preSolution
		Debug|Any CPU = Debug|Any CPU
		Release|Any CPU = Release|Any CPU
	EndGlobalSection
	GlobalSection(ProjectConfigurationPlatforms) = postSolution
		{12E183CB-B6D7-438B-8F06-7EA425B25C48}.Debug|Any CPU.ActiveCfg = Debug|Any CPU
		{12E183CB-B6D7-438B-8F06-7EA425B25C48}.Debug|Any CPU.Build.0 = Debug|Any CPU
		{12E183CB-B6D7-438B-8F06-7EA425B25C48}.Release|Any CPU.ActiveCfg = Release|Any CPU
		{12E183CB-B6D7-438B-8F06-7EA425B25C48}.Release|Any CPU.Build.0 = Release|Any CPU
		{12C9C3B5-59A3-483C-A776-4E82A25D880E}.Debug|Any CPU.ActiveCfg = Debug|Any CPU
		{12C9C3B5-59A3-483C-A776-4E82A25D880E}.Debug|Any CPU.Build.0 = Debug|Any CPU
		{12C9C3B5-59A3-483C-A776-4E82A25D880E}.Release|Any CPU.ActiveCfg = Release|Any CPU
		{12C9C3B5-59A3-483C-A776-4E82A25D880E}.Release|Any CPU.Build.0 = Release|Any CPU
		{893690AC-75B1-4C31-AD93-AC9F83659453}.Debug|Any CPU.ActiveCfg = Debug|Any CPU
		{893690AC-75B1-4C31-AD93-AC9F83659453}.Debug|Any CPU.Build.0 = Debug|Any CPU
		{893690AC-75B1-4C31-AD93-AC9F83659453}.Release|Any CPU.ActiveCfg = Release|Any CPU
		{893690AC-75B1-4C31-AD93-AC9F83659453}.Release|Any CPU.Build.0 = Release|Any CPU
	EndGlobalSection
	GlobalSection(SolutionProperties) = preSolution
		HideSolutionNode = FALSE
	EndGlobalSection
	GlobalSection(ExtensibilityGlobals) = postSolution
		SolutionGuid = {7A48D30D-F45C-4AF6-BD07-AA222D11258E}
	EndGlobalSection
EndGlobal
